
Microsoft Visual Studio Solution File, Format Version 12.00
# Visual Studio Version 17
VisualStudioVersion = 17.13.35828.75 d17.13
MinimumVisualStudioVersion = 10.0.40219.1
Project("{FAE04EC0-301F-11D3-BF4B-00C04F79EFBC}") = "IsraelRailProject", "IsraelRailProject\IsraelRailProject.csproj", "{59A6B9D1-4268-4EC7-ACAC-3790EEF1A96D}"
EndProject
Global
	GlobalSection(SolutionConfigurationPlatforms) = preSolution
		Debug|Any CPU = Debug|Any CPU
		Release|Any CPU = Release|Any CPU
	EndGlobalSection
	GlobalSection(ProjectConfigurationPlatforms) = postSolution
		{59A6B9D1-4268-4EC7-ACAC-3790EEF1A96D}.Debug|Any CPU.ActiveCfg = Debug|Any CPU
		{59A6B9D1-4268-4EC7-ACAC-3790EEF1A96D}.Debug|Any CPU.Build.0 = Debug|Any CPU
		{59A6B9D1-4268-4EC7-ACAC-3790EEF1A96D}.Release|Any CPU.ActiveCfg = Release|Any CPU
		{59A6B9D1-4268-4EC7-ACAC-3790EEF1A96D}.Release|Any CPU.Build.0 = Release|Any CPU
	EndGlobalSection
	GlobalSection(SolutionProperties) = preSolution
		HideSolutionNode = FALSE
	EndGlobalSection
	GlobalSection(ExtensibilityGlobals) = postSolution
		SolutionGuid = {C9D9C7E7-99EA-4630-9F2F-126F91554A86}
	EndGlobalSection
EndGlobal
